
Microsoft Visual Studio Solution File, Format Version 12.00
# Visual Studio 2013
VisualStudioVersion = 12.0.31101.0
MinimumVisualStudioVersion = 10.0.40219.1
Project("{FAE04EC0-301F-11D3-BF4B-00C04F79EFBC}") = "ITHelper", "ITHelper\ITHelper.csproj", "{D3E944A7-7F0B-40AF-9DE7-DCF673CF9214}"
EndProject
Project("{FAE04EC0-301F-11D3-BF4B-00C04F79EFBC}") = "AutoActions", "AutoActions\AutoActions.csproj", "{26ED2EA4-0238-4B98-B4C4-6EFAD3285D62}"
EndProject
Project("{FAE04EC0-301F-11D3-BF4B-00C04F79EFBC}") = "RunasGui", "RunasGui\RunasGui.csproj", "{32BB78B2-EE8B-4001-8128-5FD1E627AB95}"
EndProject
Global
	GlobalSection(SolutionConfigurationPlatforms) = preSolution
		Debug|Any CPU = Debug|Any CPU
		Release|Any CPU = Release|Any CPU
	EndGlobalSection
	GlobalSection(ProjectConfigurationPlatforms) = postSolution
		{D3E944A7-7F0B-40AF-9DE7-DCF673CF9214}.Debug|Any CPU.ActiveCfg = Debug|Any CPU
		{D3E944A7-7F0B-40AF-9DE7-DCF673CF9214}.Debug|Any CPU.Build.0 = Debug|Any CPU
		{D3E944A7-7F0B-40AF-9DE7-DCF673CF9214}.Release|Any CPU.ActiveCfg = Release|Any CPU
		{D3E944A7-7F0B-40AF-9DE7-DCF673CF9214}.Release|Any CPU.Build.0 = Release|Any CPU
		{26ED2EA4-0238-4B98-B4C4-6EFAD3285D62}.Debug|Any CPU.ActiveCfg = Debug|Any CPU
		{26ED2EA4-0238-4B98-B4C4-6EFAD3285D62}.Debug|Any CPU.Build.0 = Debug|Any CPU
		{26ED2EA4-0238-4B98-B4C4-6EFAD3285D62}.Release|Any CPU.ActiveCfg = Release|Any CPU
		{26ED2EA4-0238-4B98-B4C4-6EFAD3285D62}.Release|Any CPU.Build.0 = Release|Any CPU
		{32BB78B2-EE8B-4001-8128-5FD1E627AB95}.Debug|Any CPU.ActiveCfg = Debug|Any CPU
		{32BB78B2-EE8B-4001-8128-5FD1E627AB95}.Debug|Any CPU.Build.0 = Debug|Any CPU
		{32BB78B2-EE8B-4001-8128-5FD1E627AB95}.Release|Any CPU.ActiveCfg = Release|Any CPU
		{32BB78B2-EE8B-4001-8128-5FD1E627AB95}.Release|Any CPU.Build.0 = Release|Any CPU
	EndGlobalSection
	GlobalSection(SolutionProperties) = preSolution
		HideSolutionNode = FALSE
	EndGlobalSection
EndGlobal
